
Microsoft Visual Studio Solution File, Format Version 12.00
# Visual Studio Version 16
VisualStudioVersion = 16.0.31112.23
MinimumVisualStudioVersion = 10.0.40219.1
Project("{FAE04EC0-301F-11D3-BF4B-00C04F79EFBC}") = "MineDraft", "Exam16.07.2017\MineDraft.csproj", "{594435A8-4118-4733-B4B5-41E3765D9D75}"
EndProject
Global
	GlobalSection(SolutionConfigurationPlatforms) = preSolution
		Debug|Any CPU = Debug|Any CPU
		Release|Any CPU = Release|Any CPU
	EndGlobalSection
	GlobalSection(ProjectConfigurationPlatforms) = postSolution
		{594435A8-4118-4733-B4B5-41E3765D9D75}.Debug|Any CPU.ActiveCfg = Debug|Any CPU
		{594435A8-4118-4733-B4B5-41E3765D9D75}.Debug|Any CPU.Build.0 = Debug|Any CPU
		{594435A8-4118-4733-B4B5-41E3765D9D75}.Release|Any CPU.ActiveCfg = Release|Any CPU
		{594435A8-4118-4733-B4B5-41E3765D9D75}.Release|Any CPU.Build.0 = Release|Any CPU
	EndGlobalSection
	GlobalSection(SolutionProperties) = preSolution
		HideSolutionNode = FALSE
	EndGlobalSection
	GlobalSection(ExtensibilityGlobals) = postSolution
		SolutionGuid = {3CBAEE22-541A-422E-811D-7E5AC6CF1D38}
	EndGlobalSection
EndGlobal
